
Microsoft Visual Studio Solution File, Format Version 12.00
# Visual Studio Version 16
Project("{8BC9CEB8-8B4A-11D0-8D11-00A0C91BC942}") = "ALL_BUILD", "ALL_BUILD.vcxproj", "{1E792AB0-8A0E-34C3-8AE5-9AA85CB17D75}"
	ProjectSection(ProjectDependencies) = postProject
		{E043AB04-E946-3D2B-ABF9-72B393650B9B} = {E043AB04-E946-3D2B-ABF9-72B393650B9B}
		{30FA0620-32DB-3273-9A9D-0394380D31E4} = {30FA0620-32DB-3273-9A9D-0394380D31E4}
		{5E61D426-E7A3-3C10-AA3D-157992B02643} = {5E61D426-E7A3-3C10-AA3D-157992B02643}
		{432F000E-CF91-3FC0-B3BA-E987FECC312C} = {432F000E-CF91-3FC0-B3BA-E987FECC312C}
		{A4CAE730-B5E9-3B3C-A3AF-AD5B4A70B599} = {A4CAE730-B5E9-3B3C-A3AF-AD5B4A70B599}
		{2B6BE3A4-0937-307A-8DA4-39C75FC23B0B} = {2B6BE3A4-0937-307A-8DA4-39C75FC23B0B}
		{AE12C4A5-66FC-3D09-B111-CDF7BE892736} = {AE12C4A5-66FC-3D09-B111-CDF7BE892736}
		{5D8B3952-0737-36C9-9250-652AFC16FF75} = {5D8B3952-0737-36C9-9250-652AFC16FF75}
		{D7B896B3-17FB-3E10-BC12-19E2F396A312} = {D7B896B3-17FB-3E10-BC12-19E2F396A312}
		{83CB93BB-AEE6-3D42-BBF7-D6A2A16E1588} = {83CB93BB-AEE6-3D42-BBF7-D6A2A16E1588}
		{F202A958-8B58-3456-9C18-A4190491ED11} = {F202A958-8B58-3456-9C18-A4190491ED11}
		{4D93AE03-AA36-3C0E-901A-31AF48031A4A} = {4D93AE03-AA36-3C0E-901A-31AF48031A4A}
		{D31AC349-93B4-3310-8E54-19B923221A39} = {D31AC349-93B4-3310-8E54-19B923221A39}
		{80B72886-3BCB-3C94-93A6-94321019B58E} = {80B72886-3BCB-3C94-93A6-94321019B58E}
		{7579FBFA-577C-3B54-9FA9-D02F85903404} = {7579FBFA-577C-3B54-9FA9-D02F85903404}
		{3DA054AF-6895-3E75-921A-F3894AC13DB4} = {3DA054AF-6895-3E75-921A-F3894AC13DB4}
		{CD4A84F7-60D4-364F-BA0F-7A0D83568700} = {CD4A84F7-60D4-364F-BA0F-7A0D83568700}
		{A781D7F7-B1C5-34E9-8168-3C100C5D0476} = {A781D7F7-B1C5-34E9-8168-3C100C5D0476}
		{44D2CC02-CE70-35E5-95D3-A7F962BB3AB5} = {44D2CC02-CE70-35E5-95D3-A7F962BB3AB5}
		{41BAF71F-BC39-31A6-A912-64EF1B8302F9} = {41BAF71F-BC39-31A6-A912-64EF1B8302F9}
	EndProjectSection
EndProject
Project("{8BC9CEB8-8B4A-11D0-8D11-00A0C91BC942}") = "INSTALL", "INSTALL.vcxproj", "{9D0B0529-D349-336E-82B2-EE6A3BCA2AA3}"
	ProjectSection(ProjectDependencies) = postProject
		{1E792AB0-8A0E-34C3-8AE5-9AA85CB17D75} = {1E792AB0-8A0E-34C3-8AE5-9AA85CB17D75}
		{E043AB04-E946-3D2B-ABF9-72B393650B9B} = {E043AB04-E946-3D2B-ABF9-72B393650B9B}
	EndProjectSection
EndProject
Project("{8BC9CEB8-8B4A-11D0-8D11-00A0C91BC942}") = "PACKAGE", "PACKAGE.vcxproj", "{8EB15AFD-C2E6-30FB-AEEB-E498B5CB537A}"
	ProjectSection(ProjectDependencies) = postProject
		{1E792AB0-8A0E-34C3-8AE5-9AA85CB17D75} = {1E792AB0-8A0E-34C3-8AE5-9AA85CB17D75}
		{E043AB04-E946-3D2B-ABF9-72B393650B9B} = {E043AB04-E946-3D2B-ABF9-72B393650B9B}
	EndProjectSection
EndProject
Project("{8BC9CEB8-8B4A-11D0-8D11-00A0C91BC942}") = "ZERO_CHECK", "ZERO_CHECK.vcxproj", "{E043AB04-E946-3D2B-ABF9-72B393650B9B}"
	ProjectSection(ProjectDependencies) = postProject
	EndProjectSection
EndProject
Project("{8BC9CEB8-8B4A-11D0-8D11-00A0C91BC942}") = "acountry", "3rdparty\c-ares\src\tools\acountry.vcxproj", "{30FA0620-32DB-3273-9A9D-0394380D31E4}"
	ProjectSection(ProjectDependencies) = postProject
		{E043AB04-E946-3D2B-ABF9-72B393650B9B} = {E043AB04-E946-3D2B-ABF9-72B393650B9B}
		{A4CAE730-B5E9-3B3C-A3AF-AD5B4A70B599} = {A4CAE730-B5E9-3B3C-A3AF-AD5B4A70B599}
	EndProjectSection
EndProject
Project("{8BC9CEB8-8B4A-11D0-8D11-00A0C91BC942}") = "adig", "3rdparty\c-ares\src\tools\adig.vcxproj", "{5E61D426-E7A3-3C10-AA3D-157992B02643}"
	ProjectSection(ProjectDependencies) = postProject
		{E043AB04-E946-3D2B-ABF9-72B393650B9B} = {E043AB04-E946-3D2B-ABF9-72B393650B9B}
		{A4CAE730-B5E9-3B3C-A3AF-AD5B4A70B599} = {A4CAE730-B5E9-3B3C-A3AF-AD5B4A70B599}
	EndProjectSection
EndProject
Project("{8BC9CEB8-8B4A-11D0-8D11-00A0C91BC942}") = "ahost", "3rdparty\c-ares\src\tools\ahost.vcxproj", "{432F000E-CF91-3FC0-B3BA-E987FECC312C}"
	ProjectSection(ProjectDependencies) = postProject
		{E043AB04-E946-3D2B-ABF9-72B393650B9B} = {E043AB04-E946-3D2B-ABF9-72B393650B9B}
		{A4CAE730-B5E9-3B3C-A3AF-AD5B4A70B599} = {A4CAE730-B5E9-3B3C-A3AF-AD5B4A70B599}
	EndProjectSection
EndProject
Project("{8BC9CEB8-8B4A-11D0-8D11-00A0C91BC942}") = "c-ares", "3rdparty\c-ares\src\lib\c-ares.vcxproj", "{A4CAE730-B5E9-3B3C-A3AF-AD5B4A70B599}"
	ProjectSection(ProjectDependencies) = postProject
		{E043AB04-E946-3D2B-ABF9-72B393650B9B} = {E043AB04-E946-3D2B-ABF9-72B393650B9B}
	EndProjectSection
EndProject
Project("{8BC9CEB8-8B4A-11D0-8D11-00A0C91BC942}") = "example1", "3rdparty\JRTPLIB\examples\example1.vcxproj", "{2B6BE3A4-0937-307A-8DA4-39C75FC23B0B}"
	ProjectSection(ProjectDependencies) = postProject
		{E043AB04-E946-3D2B-ABF9-72B393650B9B} = {E043AB04-E946-3D2B-ABF9-72B393650B9B}
		{3DA054AF-6895-3E75-921A-F3894AC13DB4} = {3DA054AF-6895-3E75-921A-F3894AC13DB4}
	EndProjectSection
EndProject
Project("{8BC9CEB8-8B4A-11D0-8D11-00A0C91BC942}") = "example2", "3rdparty\JRTPLIB\examples\example2.vcxproj", "{AE12C4A5-66FC-3D09-B111-CDF7BE892736}"
	ProjectSection(ProjectDependencies) = postProject
		{E043AB04-E946-3D2B-ABF9-72B393650B9B} = {E043AB04-E946-3D2B-ABF9-72B393650B9B}
		{3DA054AF-6895-3E75-921A-F3894AC13DB4} = {3DA054AF-6895-3E75-921A-F3894AC13DB4}
	EndProjectSection
EndProject
Project("{8BC9CEB8-8B4A-11D0-8D11-00A0C91BC942}") = "example3", "3rdparty\JRTPLIB\examples\example3.vcxproj", "{5D8B3952-0737-36C9-9250-652AFC16FF75}"
	ProjectSection(ProjectDependencies) = postProject
		{E043AB04-E946-3D2B-ABF9-72B393650B9B} = {E043AB04-E946-3D2B-ABF9-72B393650B9B}
		{3DA054AF-6895-3E75-921A-F3894AC13DB4} = {3DA054AF-6895-3E75-921A-F3894AC13DB4}
	EndProjectSection
EndProject
Project("{8BC9CEB8-8B4A-11D0-8D11-00A0C91BC942}") = "example4", "3rdparty\JRTPLIB\examples\example4.vcxproj", "{D7B896B3-17FB-3E10-BC12-19E2F396A312}"
	ProjectSection(ProjectDependencies) = postProject
		{E043AB04-E946-3D2B-ABF9-72B393650B9B} = {E043AB04-E946-3D2B-ABF9-72B393650B9B}
		{3DA054AF-6895-3E75-921A-F3894AC13DB4} = {3DA054AF-6895-3E75-921A-F3894AC13DB4}
	EndProjectSection
EndProject
Project("{8BC9CEB8-8B4A-11D0-8D11-00A0C91BC942}") = "example5", "3rdparty\JRTPLIB\examples\example5.vcxproj", "{83CB93BB-AEE6-3D42-BBF7-D6A2A16E1588}"
	ProjectSection(ProjectDependencies) = postProject
		{E043AB04-E946-3D2B-ABF9-72B393650B9B} = {E043AB04-E946-3D2B-ABF9-72B393650B9B}
		{3DA054AF-6895-3E75-921A-F3894AC13DB4} = {3DA054AF-6895-3E75-921A-F3894AC13DB4}
	EndProjectSection
EndProject
Project("{8BC9CEB8-8B4A-11D0-8D11-00A0C91BC942}") = "example6", "3rdparty\JRTPLIB\examples\example6.vcxproj", "{F202A958-8B58-3456-9C18-A4190491ED11}"
	ProjectSection(ProjectDependencies) = postProject
		{E043AB04-E946-3D2B-ABF9-72B393650B9B} = {E043AB04-E946-3D2B-ABF9-72B393650B9B}
		{3DA054AF-6895-3E75-921A-F3894AC13DB4} = {3DA054AF-6895-3E75-921A-F3894AC13DB4}
	EndProjectSection
EndProject
Project("{8BC9CEB8-8B4A-11D0-8D11-00A0C91BC942}") = "example7", "3rdparty\JRTPLIB\examples\example7.vcxproj", "{4D93AE03-AA36-3C0E-901A-31AF48031A4A}"
	ProjectSection(ProjectDependencies) = postProject
		{E043AB04-E946-3D2B-ABF9-72B393650B9B} = {E043AB04-E946-3D2B-ABF9-72B393650B9B}
		{3DA054AF-6895-3E75-921A-F3894AC13DB4} = {3DA054AF-6895-3E75-921A-F3894AC13DB4}
	EndProjectSection
EndProject
Project("{8BC9CEB8-8B4A-11D0-8D11-00A0C91BC942}") = "example8", "3rdparty\JRTPLIB\examples\example8.vcxproj", "{D31AC349-93B4-3310-8E54-19B923221A39}"
	ProjectSection(ProjectDependencies) = postProject
		{E043AB04-E946-3D2B-ABF9-72B393650B9B} = {E043AB04-E946-3D2B-ABF9-72B393650B9B}
		{3DA054AF-6895-3E75-921A-F3894AC13DB4} = {3DA054AF-6895-3E75-921A-F3894AC13DB4}
	EndProjectSection
EndProject
Project("{8BC9CEB8-8B4A-11D0-8D11-00A0C91BC942}") = "exosip", "3rdparty\exosip\exosip.vcxproj", "{80B72886-3BCB-3C94-93A6-94321019B58E}"
	ProjectSection(ProjectDependencies) = postProject
		{E043AB04-E946-3D2B-ABF9-72B393650B9B} = {E043AB04-E946-3D2B-ABF9-72B393650B9B}
		{41BAF71F-BC39-31A6-A912-64EF1B8302F9} = {41BAF71F-BC39-31A6-A912-64EF1B8302F9}
	EndProjectSection
EndProject
Project("{8BC9CEB8-8B4A-11D0-8D11-00A0C91BC942}") = "gbexecer", "gbexecer.vcxproj", "{7579FBFA-577C-3B54-9FA9-D02F85903404}"
	ProjectSection(ProjectDependencies) = postProject
		{E043AB04-E946-3D2B-ABF9-72B393650B9B} = {E043AB04-E946-3D2B-ABF9-72B393650B9B}
		{80B72886-3BCB-3C94-93A6-94321019B58E} = {80B72886-3BCB-3C94-93A6-94321019B58E}
		{A781D7F7-B1C5-34E9-8168-3C100C5D0476} = {A781D7F7-B1C5-34E9-8168-3C100C5D0476}
		{44D2CC02-CE70-35E5-95D3-A7F962BB3AB5} = {44D2CC02-CE70-35E5-95D3-A7F962BB3AB5}
		{41BAF71F-BC39-31A6-A912-64EF1B8302F9} = {41BAF71F-BC39-31A6-A912-64EF1B8302F9}
	EndProjectSection
EndProject
Project("{8BC9CEB8-8B4A-11D0-8D11-00A0C91BC942}") = "jrtplib-static", "3rdparty\JRTPLIB\src\jrtplib-static.vcxproj", "{3DA054AF-6895-3E75-921A-F3894AC13DB4}"
	ProjectSection(ProjectDependencies) = postProject
		{E043AB04-E946-3D2B-ABF9-72B393650B9B} = {E043AB04-E946-3D2B-ABF9-72B393650B9B}
	EndProjectSection
EndProject
Project("{8BC9CEB8-8B4A-11D0-8D11-00A0C91BC942}") = "jthread-static", "3rdparty\JThread\src\jthread-static.vcxproj", "{CD4A84F7-60D4-364F-BA0F-7A0D83568700}"
	ProjectSection(ProjectDependencies) = postProject
		{E043AB04-E946-3D2B-ABF9-72B393650B9B} = {E043AB04-E946-3D2B-ABF9-72B393650B9B}
	EndProjectSection
EndProject
Project("{8BC9CEB8-8B4A-11D0-8D11-00A0C91BC942}") = "mxml1", "3rdparty\mxml\mxml1.vcxproj", "{A781D7F7-B1C5-34E9-8168-3C100C5D0476}"
	ProjectSection(ProjectDependencies) = postProject
		{E043AB04-E946-3D2B-ABF9-72B393650B9B} = {E043AB04-E946-3D2B-ABF9-72B393650B9B}
	EndProjectSection
EndProject
Project("{8BC9CEB8-8B4A-11D0-8D11-00A0C91BC942}") = "osip", "3rdparty\osip\osip.vcxproj", "{44D2CC02-CE70-35E5-95D3-A7F962BB3AB5}"
	ProjectSection(ProjectDependencies) = postProject
		{E043AB04-E946-3D2B-ABF9-72B393650B9B} = {E043AB04-E946-3D2B-ABF9-72B393650B9B}
		{41BAF71F-BC39-31A6-A912-64EF1B8302F9} = {41BAF71F-BC39-31A6-A912-64EF1B8302F9}
	EndProjectSection
EndProject
Project("{8BC9CEB8-8B4A-11D0-8D11-00A0C91BC942}") = "osipparser", "3rdparty\osip\osipparser.vcxproj", "{41BAF71F-BC39-31A6-A912-64EF1B8302F9}"
	ProjectSection(ProjectDependencies) = postProject
		{E043AB04-E946-3D2B-ABF9-72B393650B9B} = {E043AB04-E946-3D2B-ABF9-72B393650B9B}
	EndProjectSection
EndProject
Global
	GlobalSection(SolutionConfigurationPlatforms) = preSolution
		Debug|x64 = Debug|x64
		Release|x64 = Release|x64
		MinSizeRel|x64 = MinSizeRel|x64
		RelWithDebInfo|x64 = RelWithDebInfo|x64
	EndGlobalSection
	GlobalSection(ProjectConfigurationPlatforms) = postSolution
		{1E792AB0-8A0E-34C3-8AE5-9AA85CB17D75}.Debug|x64.ActiveCfg = Debug|x64
		{1E792AB0-8A0E-34C3-8AE5-9AA85CB17D75}.Debug|x64.Build.0 = Debug|x64
		{1E792AB0-8A0E-34C3-8AE5-9AA85CB17D75}.Release|x64.ActiveCfg = Release|x64
		{1E792AB0-8A0E-34C3-8AE5-9AA85CB17D75}.Release|x64.Build.0 = Release|x64
		{1E792AB0-8A0E-34C3-8AE5-9AA85CB17D75}.MinSizeRel|x64.ActiveCfg = MinSizeRel|x64
		{1E792AB0-8A0E-34C3-8AE5-9AA85CB17D75}.MinSizeRel|x64.Build.0 = MinSizeRel|x64
		{1E792AB0-8A0E-34C3-8AE5-9AA85CB17D75}.RelWithDebInfo|x64.ActiveCfg = RelWithDebInfo|x64
		{1E792AB0-8A0E-34C3-8AE5-9AA85CB17D75}.RelWithDebInfo|x64.Build.0 = RelWithDebInfo|x64
		{9D0B0529-D349-336E-82B2-EE6A3BCA2AA3}.Debug|x64.ActiveCfg = Debug|x64
		{9D0B0529-D349-336E-82B2-EE6A3BCA2AA3}.Release|x64.ActiveCfg = Release|x64
		{9D0B0529-D349-336E-82B2-EE6A3BCA2AA3}.MinSizeRel|x64.ActiveCfg = MinSizeRel|x64
		{9D0B0529-D349-336E-82B2-EE6A3BCA2AA3}.RelWithDebInfo|x64.ActiveCfg = RelWithDebInfo|x64
		{8EB15AFD-C2E6-30FB-AEEB-E498B5CB537A}.Debug|x64.ActiveCfg = Debug|x64
		{8EB15AFD-C2E6-30FB-AEEB-E498B5CB537A}.Release|x64.ActiveCfg = Release|x64
		{8EB15AFD-C2E6-30FB-AEEB-E498B5CB537A}.MinSizeRel|x64.ActiveCfg = MinSizeRel|x64
		{8EB15AFD-C2E6-30FB-AEEB-E498B5CB537A}.RelWithDebInfo|x64.ActiveCfg = RelWithDebInfo|x64
		{E043AB04-E946-3D2B-ABF9-72B393650B9B}.Debug|x64.ActiveCfg = Debug|x64
		{E043AB04-E946-3D2B-ABF9-72B393650B9B}.Debug|x64.Build.0 = Debug|x64
		{E043AB04-E946-3D2B-ABF9-72B393650B9B}.Release|x64.ActiveCfg = Release|x64
		{E043AB04-E946-3D2B-ABF9-72B393650B9B}.Release|x64.Build.0 = Release|x64
		{E043AB04-E946-3D2B-ABF9-72B393650B9B}.MinSizeRel|x64.ActiveCfg = MinSizeRel|x64
		{E043AB04-E946-3D2B-ABF9-72B393650B9B}.MinSizeRel|x64.Build.0 = MinSizeRel|x64
		{E043AB04-E946-3D2B-ABF9-72B393650B9B}.RelWithDebInfo|x64.ActiveCfg = RelWithDebInfo|x64
		{E043AB04-E946-3D2B-ABF9-72B393650B9B}.RelWithDebInfo|x64.Build.0 = RelWithDebInfo|x64
		{30FA0620-32DB-3273-9A9D-0394380D31E4}.Debug|x64.ActiveCfg = Debug|x64
		{30FA0620-32DB-3273-9A9D-0394380D31E4}.Debug|x64.Build.0 = Debug|x64
		{30FA0620-32DB-3273-9A9D-0394380D31E4}.Release|x64.ActiveCfg = Release|x64
		{30FA0620-32DB-3273-9A9D-0394380D31E4}.Release|x64.Build.0 = Release|x64
		{30FA0620-32DB-3273-9A9D-0394380D31E4}.MinSizeRel|x64.ActiveCfg = MinSizeRel|x64
		{30FA0620-32DB-3273-9A9D-0394380D31E4}.MinSizeRel|x64.Build.0 = MinSizeRel|x64
		{30FA0620-32DB-3273-9A9D-0394380D31E4}.RelWithDebInfo|x64.ActiveCfg = RelWithDebInfo|x64
		{30FA0620-32DB-3273-9A9D-0394380D31E4}.RelWithDebInfo|x64.Build.0 = RelWithDebInfo|x64
		{5E61D426-E7A3-3C10-AA3D-157992B02643}.Debug|x64.ActiveCfg = Debug|x64
		{5E61D426-E7A3-3C10-AA3D-157992B02643}.Debug|x64.Build.0 = Debug|x64
		{5E61D426-E7A3-3C10-AA3D-157992B02643}.Release|x64.ActiveCfg = Release|x64
		{5E61D426-E7A3-3C10-AA3D-157992B02643}.Release|x64.Build.0 = Release|x64
		{5E61D426-E7A3-3C10-AA3D-157992B02643}.MinSizeRel|x64.ActiveCfg = MinSizeRel|x64
		{5E61D426-E7A3-3C10-AA3D-157992B02643}.MinSizeRel|x64.Build.0 = MinSizeRel|x64
		{5E61D426-E7A3-3C10-AA3D-157992B02643}.RelWithDebInfo|x64.ActiveCfg = RelWithDebInfo|x64
		{5E61D426-E7A3-3C10-AA3D-157992B02643}.RelWithDebInfo|x64.Build.0 = RelWithDebInfo|x64
		{432F000E-CF91-3FC0-B3BA-E987FECC312C}.Debug|x64.ActiveCfg = Debug|x64
		{432F000E-CF91-3FC0-B3BA-E987FECC312C}.Debug|x64.Build.0 = Debug|x64
		{432F000E-CF91-3FC0-B3BA-E987FECC312C}.Release|x64.ActiveCfg = Release|x64
		{432F000E-CF91-3FC0-B3BA-E987FECC312C}.Release|x64.Build.0 = Release|x64
		{432F000E-CF91-3FC0-B3BA-E987FECC312C}.MinSizeRel|x64.ActiveCfg = MinSizeRel|x64
		{432F000E-CF91-3FC0-B3BA-E987FECC312C}.MinSizeRel|x64.Build.0 = MinSizeRel|x64
		{432F000E-CF91-3FC0-B3BA-E987FECC312C}.RelWithDebInfo|x64.ActiveCfg = RelWithDebInfo|x64
		{432F000E-CF91-3FC0-B3BA-E987FECC312C}.RelWithDebInfo|x64.Build.0 = RelWithDebInfo|x64
		{A4CAE730-B5E9-3B3C-A3AF-AD5B4A70B599}.Debug|x64.ActiveCfg = Debug|x64
		{A4CAE730-B5E9-3B3C-A3AF-AD5B4A70B599}.Debug|x64.Build.0 = Debug|x64
		{A4CAE730-B5E9-3B3C-A3AF-AD5B4A70B599}.Release|x64.ActiveCfg = Release|x64
		{A4CAE730-B5E9-3B3C-A3AF-AD5B4A70B599}.Release|x64.Build.0 = Release|x64
		{A4CAE730-B5E9-3B3C-A3AF-AD5B4A70B599}.MinSizeRel|x64.ActiveCfg = MinSizeRel|x64
		{A4CAE730-B5E9-3B3C-A3AF-AD5B4A70B599}.MinSizeRel|x64.Build.0 = MinSizeRel|x64
		{A4CAE730-B5E9-3B3C-A3AF-AD5B4A70B599}.RelWithDebInfo|x64.ActiveCfg = RelWithDebInfo|x64
		{A4CAE730-B5E9-3B3C-A3AF-AD5B4A70B599}.RelWithDebInfo|x64.Build.0 = RelWithDebInfo|x64
		{2B6BE3A4-0937-307A-8DA4-39C75FC23B0B}.Debug|x64.ActiveCfg = Debug|x64
		{2B6BE3A4-0937-307A-8DA4-39C75FC23B0B}.Debug|x64.Build.0 = Debug|x64
		{2B6BE3A4-0937-307A-8DA4-39C75FC23B0B}.Release|x64.ActiveCfg = Release|x64
		{2B6BE3A4-0937-307A-8DA4-39C75FC23B0B}.Release|x64.Build.0 = Release|x64
		{2B6BE3A4-0937-307A-8DA4-39C75FC23B0B}.MinSizeRel|x64.ActiveCfg = MinSizeRel|x64
		{2B6BE3A4-0937-307A-8DA4-39C75FC23B0B}.MinSizeRel|x64.Build.0 = MinSizeRel|x64
		{2B6BE3A4-0937-307A-8DA4-39C75FC23B0B}.RelWithDebInfo|x64.ActiveCfg = RelWithDebInfo|x64
		{2B6BE3A4-0937-307A-8DA4-39C75FC23B0B}.RelWithDebInfo|x64.Build.0 = RelWithDebInfo|x64
		{AE12C4A5-66FC-3D09-B111-CDF7BE892736}.Debug|x64.ActiveCfg = Debug|x64
		{AE12C4A5-66FC-3D09-B111-CDF7BE892736}.Debug|x64.Build.0 = Debug|x64
		{AE12C4A5-66FC-3D09-B111-CDF7BE892736}.Release|x64.ActiveCfg = Release|x64
		{AE12C4A5-66FC-3D09-B111-CDF7BE892736}.Release|x64.Build.0 = Release|x64
		{AE12C4A5-66FC-3D09-B111-CDF7BE892736}.MinSizeRel|x64.ActiveCfg = MinSizeRel|x64
		{AE12C4A5-66FC-3D09-B111-CDF7BE892736}.MinSizeRel|x64.Build.0 = MinSizeRel|x64
		{AE12C4A5-66FC-3D09-B111-CDF7BE892736}.RelWithDebInfo|x64.ActiveCfg = RelWithDebInfo|x64
		{AE12C4A5-66FC-3D09-B111-CDF7BE892736}.RelWithDebInfo|x64.Build.0 = RelWithDebInfo|x64
		{5D8B3952-0737-36C9-9250-652AFC16FF75}.Debug|x64.ActiveCfg = Debug|x64
		{5D8B3952-0737-36C9-9250-652AFC16FF75}.Debug|x64.Build.0 = Debug|x64
		{5D8B3952-0737-36C9-9250-652AFC16FF75}.Release|x64.ActiveCfg = Release|x64
		{5D8B3952-0737-36C9-9250-652AFC16FF75}.Release|x64.Build.0 = Release|x64
		{5D8B3952-0737-36C9-9250-652AFC16FF75}.MinSizeRel|x64.ActiveCfg = MinSizeRel|x64
		{5D8B3952-0737-36C9-9250-652AFC16FF75}.MinSizeRel|x64.Build.0 = MinSizeRel|x64
		{5D8B3952-0737-36C9-9250-652AFC16FF75}.RelWithDebInfo|x64.ActiveCfg = RelWithDebInfo|x64
		{5D8B3952-0737-36C9-9250-652AFC16FF75}.RelWithDebInfo|x64.Build.0 = RelWithDebInfo|x64
		{D7B896B3-17FB-3E10-BC12-19E2F396A312}.Debug|x64.ActiveCfg = Debug|x64
		{D7B896B3-17FB-3E10-BC12-19E2F396A312}.Debug|x64.Build.0 = Debug|x64
		{D7B896B3-17FB-3E10-BC12-19E2F396A312}.Release|x64.ActiveCfg = Release|x64
		{D7B896B3-17FB-3E10-BC12-19E2F396A312}.Release|x64.Build.0 = Release|x64
		{D7B896B3-17FB-3E10-BC12-19E2F396A312}.MinSizeRel|x64.ActiveCfg = MinSizeRel|x64
		{D7B896B3-17FB-3E10-BC12-19E2F396A312}.MinSizeRel|x64.Build.0 = MinSizeRel|x64
		{D7B896B3-17FB-3E10-BC12-19E2F396A312}.RelWithDebInfo|x64.ActiveCfg = RelWithDebInfo|x64
		{D7B896B3-17FB-3E10-BC12-19E2F396A312}.RelWithDebInfo|x64.Build.0 = RelWithDebInfo|x64
		{83CB93BB-AEE6-3D42-BBF7-D6A2A16E1588}.Debug|x64.ActiveCfg = Debug|x64
		{83CB93BB-AEE6-3D42-BBF7-D6A2A16E1588}.Debug|x64.Build.0 = Debug|x64
		{83CB93BB-AEE6-3D42-BBF7-D6A2A16E1588}.Release|x64.ActiveCfg = Release|x64
		{83CB93BB-AEE6-3D42-BBF7-D6A2A16E1588}.Release|x64.Build.0 = Release|x64
		{83CB93BB-AEE6-3D42-BBF7-D6A2A16E1588}.MinSizeRel|x64.ActiveCfg = MinSizeRel|x64
		{83CB93BB-AEE6-3D42-BBF7-D6A2A16E1588}.MinSizeRel|x64.Build.0 = MinSizeRel|x64
		{83CB93BB-AEE6-3D42-BBF7-D6A2A16E1588}.RelWithDebInfo|x64.ActiveCfg = RelWithDebInfo|x64
		{83CB93BB-AEE6-3D42-BBF7-D6A2A16E1588}.RelWithDebInfo|x64.Build.0 = RelWithDebInfo|x64
		{F202A958-8B58-3456-9C18-A4190491ED11}.Debug|x64.ActiveCfg = Debug|x64
		{F202A958-8B58-3456-9C18-A4190491ED11}.Debug|x64.Build.0 = Debug|x64
		{F202A958-8B58-3456-9C18-A4190491ED11}.Release|x64.ActiveCfg = Release|x64
		{F202A958-8B58-3456-9C18-A4190491ED11}.Release|x64.Build.0 = Release|x64
		{F202A958-8B58-3456-9C18-A4190491ED11}.MinSizeRel|x64.ActiveCfg = MinSizeRel|x64
		{F202A958-8B58-3456-9C18-A4190491ED11}.MinSizeRel|x64.Build.0 = MinSizeRel|x64
		{F202A958-8B58-3456-9C18-A4190491ED11}.RelWithDebInfo|x64.ActiveCfg = RelWithDebInfo|x64
		{F202A958-8B58-3456-9C18-A4190491ED11}.RelWithDebInfo|x64.Build.0 = RelWithDebInfo|x64
		{4D93AE03-AA36-3C0E-901A-31AF48031A4A}.Debug|x64.ActiveCfg = Debug|x64
		{4D93AE03-AA36-3C0E-901A-31AF48031A4A}.Debug|x64.Build.0 = Debug|x64
		{4D93AE03-AA36-3C0E-901A-31AF48031A4A}.Release|x64.ActiveCfg = Release|x64
		{4D93AE03-AA36-3C0E-901A-31AF48031A4A}.Release|x64.Build.0 = Release|x64
		{4D93AE03-AA36-3C0E-901A-31AF48031A4A}.MinSizeRel|x64.ActiveCfg = MinSizeRel|x64
		{4D93AE03-AA36-3C0E-901A-31AF48031A4A}.MinSizeRel|x64.Build.0 = MinSizeRel|x64
		{4D93AE03-AA36-3C0E-901A-31AF48031A4A}.RelWithDebInfo|x64.ActiveCfg = RelWithDebInfo|x64
		{4D93AE03-AA36-3C0E-901A-31AF48031A4A}.RelWithDebInfo|x64.Build.0 = RelWithDebInfo|x64
		{D31AC349-93B4-3310-8E54-19B923221A39}.Debug|x64.ActiveCfg = Debug|x64
		{D31AC349-93B4-3310-8E54-19B923221A39}.Debug|x64.Build.0 = Debug|x64
		{D31AC349-93B4-3310-8E54-19B923221A39}.Release|x64.ActiveCfg = Release|x64
		{D31AC349-93B4-3310-8E54-19B923221A39}.Release|x64.Build.0 = Release|x64
		{D31AC349-93B4-3310-8E54-19B923221A39}.MinSizeRel|x64.ActiveCfg = MinSizeRel|x64
		{D31AC349-93B4-3310-8E54-19B923221A39}.MinSizeRel|x64.Build.0 = MinSizeRel|x64
		{D31AC349-93B4-3310-8E54-19B923221A39}.RelWithDebInfo|x64.ActiveCfg = RelWithDebInfo|x64
		{D31AC349-93B4-3310-8E54-19B923221A39}.RelWithDebInfo|x64.Build.0 = RelWithDebInfo|x64
		{80B72886-3BCB-3C94-93A6-94321019B58E}.Debug|x64.ActiveCfg = Debug|x64
		{80B72886-3BCB-3C94-93A6-94321019B58E}.Debug|x64.Build.0 = Debug|x64
		{80B72886-3BCB-3C94-93A6-94321019B58E}.Release|x64.ActiveCfg = Release|x64
		{80B72886-3BCB-3C94-93A6-94321019B58E}.Release|x64.Build.0 = Release|x64
		{80B72886-3BCB-3C94-93A6-94321019B58E}.MinSizeRel|x64.ActiveCfg = MinSizeRel|x64
		{80B72886-3BCB-3C94-93A6-94321019B58E}.MinSizeRel|x64.Build.0 = MinSizeRel|x64
		{80B72886-3BCB-3C94-93A6-94321019B58E}.RelWithDebInfo|x64.ActiveCfg = RelWithDebInfo|x64
		{80B72886-3BCB-3C94-93A6-94321019B58E}.RelWithDebInfo|x64.Build.0 = RelWithDebInfo|x64
		{7579FBFA-577C-3B54-9FA9-D02F85903404}.Debug|x64.ActiveCfg = Debug|x64
		{7579FBFA-577C-3B54-9FA9-D02F85903404}.Debug|x64.Build.0 = Debug|x64
		{7579FBFA-577C-3B54-9FA9-D02F85903404}.Release|x64.ActiveCfg = Release|x64
		{7579FBFA-577C-3B54-9FA9-D02F85903404}.Release|x64.Build.0 = Release|x64
		{7579FBFA-577C-3B54-9FA9-D02F85903404}.MinSizeRel|x64.ActiveCfg = MinSizeRel|x64
		{7579FBFA-577C-3B54-9FA9-D02F85903404}.MinSizeRel|x64.Build.0 = MinSizeRel|x64
		{7579FBFA-577C-3B54-9FA9-D02F85903404}.RelWithDebInfo|x64.ActiveCfg = RelWithDebInfo|x64
		{7579FBFA-577C-3B54-9FA9-D02F85903404}.RelWithDebInfo|x64.Build.0 = RelWithDebInfo|x64
		{3DA054AF-6895-3E75-921A-F3894AC13DB4}.Debug|x64.ActiveCfg = Debug|x64
		{3DA054AF-6895-3E75-921A-F3894AC13DB4}.Debug|x64.Build.0 = Debug|x64
		{3DA054AF-6895-3E75-921A-F3894AC13DB4}.Release|x64.ActiveCfg = Release|x64
		{3DA054AF-6895-3E75-921A-F3894AC13DB4}.Release|x64.Build.0 = Release|x64
		{3DA054AF-6895-3E75-921A-F3894AC13DB4}.MinSizeRel|x64.ActiveCfg = MinSizeRel|x64
		{3DA054AF-6895-3E75-921A-F3894AC13DB4}.MinSizeRel|x64.Build.0 = MinSizeRel|x64
		{3DA054AF-6895-3E75-921A-F3894AC13DB4}.RelWithDebInfo|x64.ActiveCfg = RelWithDebInfo|x64
		{3DA054AF-6895-3E75-921A-F3894AC13DB4}.RelWithDebInfo|x64.Build.0 = RelWithDebInfo|x64
		{CD4A84F7-60D4-364F-BA0F-7A0D83568700}.Debug|x64.ActiveCfg = Debug|x64
		{CD4A84F7-60D4-364F-BA0F-7A0D83568700}.Debug|x64.Build.0 = Debug|x64
		{CD4A84F7-60D4-364F-BA0F-7A0D83568700}.Release|x64.ActiveCfg = Release|x64
		{CD4A84F7-60D4-364F-BA0F-7A0D83568700}.Release|x64.Build.0 = Release|x64
		{CD4A84F7-60D4-364F-BA0F-7A0D83568700}.MinSizeRel|x64.ActiveCfg = MinSizeRel|x64
		{CD4A84F7-60D4-364F-BA0F-7A0D83568700}.MinSizeRel|x64.Build.0 = MinSizeRel|x64
		{CD4A84F7-60D4-364F-BA0F-7A0D83568700}.RelWithDebInfo|x64.ActiveCfg = RelWithDebInfo|x64
		{CD4A84F7-60D4-364F-BA0F-7A0D83568700}.RelWithDebInfo|x64.Build.0 = RelWithDebInfo|x64
		{A781D7F7-B1C5-34E9-8168-3C100C5D0476}.Debug|x64.ActiveCfg = Debug|x64
		{A781D7F7-B1C5-34E9-8168-3C100C5D0476}.Debug|x64.Build.0 = Debug|x64
		{A781D7F7-B1C5-34E9-8168-3C100C5D0476}.Release|x64.ActiveCfg = Release|x64
		{A781D7F7-B1C5-34E9-8168-3C100C5D0476}.Release|x64.Build.0 = Release|x64
		{A781D7F7-B1C5-34E9-8168-3C100C5D0476}.MinSizeRel|x64.ActiveCfg = MinSizeRel|x64
		{A781D7F7-B1C5-34E9-8168-3C100C5D0476}.MinSizeRel|x64.Build.0 = MinSizeRel|x64
		{A781D7F7-B1C5-34E9-8168-3C100C5D0476}.RelWithDebInfo|x64.ActiveCfg = RelWithDebInfo|x64
		{A781D7F7-B1C5-34E9-8168-3C100C5D0476}.RelWithDebInfo|x64.Build.0 = RelWithDebInfo|x64
		{44D2CC02-CE70-35E5-95D3-A7F962BB3AB5}.Debug|x64.ActiveCfg = Debug|x64
		{44D2CC02-CE70-35E5-95D3-A7F962BB3AB5}.Debug|x64.Build.0 = Debug|x64
		{44D2CC02-CE70-35E5-95D3-A7F962BB3AB5}.Release|x64.ActiveCfg = Release|x64
		{44D2CC02-CE70-35E5-95D3-A7F962BB3AB5}.Release|x64.Build.0 = Release|x64
		{44D2CC02-CE70-35E5-95D3-A7F962BB3AB5}.MinSizeRel|x64.ActiveCfg = MinSizeRel|x64
		{44D2CC02-CE70-35E5-95D3-A7F962BB3AB5}.MinSizeRel|x64.Build.0 = MinSizeRel|x64
		{44D2CC02-CE70-35E5-95D3-A7F962BB3AB5}.RelWithDebInfo|x64.ActiveCfg = RelWithDebInfo|x64
		{44D2CC02-CE70-35E5-95D3-A7F962BB3AB5}.RelWithDebInfo|x64.Build.0 = RelWithDebInfo|x64
		{41BAF71F-BC39-31A6-A912-64EF1B8302F9}.Debug|x64.ActiveCfg = Debug|x64
		{41BAF71F-BC39-31A6-A912-64EF1B8302F9}.Debug|x64.Build.0 = Debug|x64
		{41BAF71F-BC39-31A6-A912-64EF1B8302F9}.Release|x64.ActiveCfg = Release|x64
		{41BAF71F-BC39-31A6-A912-64EF1B8302F9}.Release|x64.Build.0 = Release|x64
		{41BAF71F-BC39-31A6-A912-64EF1B8302F9}.MinSizeRel|x64.ActiveCfg = MinSizeRel|x64
		{41BAF71F-BC39-31A6-A912-64EF1B8302F9}.MinSizeRel|x64.Build.0 = MinSizeRel|x64
		{41BAF71F-BC39-31A6-A912-64EF1B8302F9}.RelWithDebInfo|x64.ActiveCfg = RelWithDebInfo|x64
		{41BAF71F-BC39-31A6-A912-64EF1B8302F9}.RelWithDebInfo|x64.Build.0 = RelWithDebInfo|x64
	EndGlobalSection
	GlobalSection(ExtensibilityGlobals) = postSolution
		SolutionGuid = {B73EF1A7-C91D-3C41-90A1-2C2A444FD512}
	EndGlobalSection
	GlobalSection(ExtensibilityAddIns) = postSolution
	EndGlobalSection
EndGlobal
